
Microsoft Visual Studio Solution File, Format Version 12.00
# Visual Studio Version 17
VisualStudioVersion = 17.14.36221.1 d17.14
MinimumVisualStudioVersion = 10.0.40219.1
Project("{FAE04EC0-301F-11D3-BF4B-00C04F79EFBC}") = "Assignment_5.3.1", "Assignment_5.3.1.csproj", "{F01867EB-C197-4169-BD56-003BB2D4EF6C}"
EndProject
Global
	GlobalSection(SolutionConfigurationPlatforms) = preSolution
		Debug|Any CPU = Debug|Any CPU
		Release|Any CPU = Release|Any CPU
	EndGlobalSection
	GlobalSection(ProjectConfigurationPlatforms) = postSolution
		{F01867EB-C197-4169-BD56-003BB2D4EF6C}.Debug|Any CPU.ActiveCfg = Debug|Any CPU
		{F01867EB-C197-4169-BD56-003BB2D4EF6C}.Debug|Any CPU.Build.0 = Debug|Any CPU
		{F01867EB-C197-4169-BD56-003BB2D4EF6C}.Release|Any CPU.ActiveCfg = Release|Any CPU
		{F01867EB-C197-4169-BD56-003BB2D4EF6C}.Release|Any CPU.Build.0 = Release|Any CPU
	EndGlobalSection
	GlobalSection(SolutionProperties) = preSolution
		HideSolutionNode = FALSE
	EndGlobalSection
	GlobalSection(ExtensibilityGlobals) = postSolution
		SolutionGuid = {C4426ECA-BB2C-4176-9CAF-798F0E3006D6}
	EndGlobalSection
EndGlobal
